
Microsoft Visual Studio Solution File, Format Version 12.00
# Visual Studio Version 17
VisualStudioVersion = 17.8.34330.188
MinimumVisualStudioVersion = 10.0.40219.1
Project("{FAE04EC0-301F-11D3-BF4B-00C04F79EFBC}") = "DemoG01.Presentation", "DemoG01.Presentation\DemoG01.Presentation.csproj", "{3FC9BCBD-224C-4C54-96D3-4B0AF33C4C96}"
EndProject
Project("{FAE04EC0-301F-11D3-BF4B-00C04F79EFBC}") = "DemoG01.BusinessLogic", "DemoG01.BusinessLogic\DemoG01.BusinessLogic.csproj", "{F35DB4C0-B93D-4586-96F9-8BB352F6A97D}"
EndProject
Project("{FAE04EC0-301F-11D3-BF4B-00C04F79EFBC}") = "DemoG01.DataAccess", "DemoG01.DataAccess\DemoG01.DataAccess.csproj", "{D2E5EC5B-CF94-46DE-AC6D-95C90C238DFE}"
EndProject
Global
	GlobalSection(SolutionConfigurationPlatforms) = preSolution
		Debug|Any CPU = Debug|Any CPU
		Release|Any CPU = Release|Any CPU
	EndGlobalSection
	GlobalSection(ProjectConfigurationPlatforms) = postSolution
		{3FC9BCBD-224C-4C54-96D3-4B0AF33C4C96}.Debug|Any CPU.ActiveCfg = Debug|Any CPU
		{3FC9BCBD-224C-4C54-96D3-4B0AF33C4C96}.Debug|Any CPU.Build.0 = Debug|Any CPU
		{3FC9BCBD-224C-4C54-96D3-4B0AF33C4C96}.Release|Any CPU.ActiveCfg = Release|Any CPU
		{3FC9BCBD-224C-4C54-96D3-4B0AF33C4C96}.Release|Any CPU.Build.0 = Release|Any CPU
		{F35DB4C0-B93D-4586-96F9-8BB352F6A97D}.Debug|Any CPU.ActiveCfg = Debug|Any CPU
		{F35DB4C0-B93D-4586-96F9-8BB352F6A97D}.Debug|Any CPU.Build.0 = Debug|Any CPU
		{F35DB4C0-B93D-4586-96F9-8BB352F6A97D}.Release|Any CPU.ActiveCfg = Release|Any CPU
		{F35DB4C0-B93D-4586-96F9-8BB352F6A97D}.Release|Any CPU.Build.0 = Release|Any CPU
		{D2E5EC5B-CF94-46DE-AC6D-95C90C238DFE}.Debug|Any CPU.ActiveCfg = Debug|Any CPU
		{D2E5EC5B-CF94-46DE-AC6D-95C90C238DFE}.Debug|Any CPU.Build.0 = Debug|Any CPU
		{D2E5EC5B-CF94-46DE-AC6D-95C90C238DFE}.Release|Any CPU.ActiveCfg = Release|Any CPU
		{D2E5EC5B-CF94-46DE-AC6D-95C90C238DFE}.Release|Any CPU.Build.0 = Release|Any CPU
	EndGlobalSection
	GlobalSection(SolutionProperties) = preSolution
		HideSolutionNode = FALSE
	EndGlobalSection
	GlobalSection(ExtensibilityGlobals) = postSolution
		SolutionGuid = {B941D63D-57EF-4314-A1C7-9B6BBD11DB28}
	EndGlobalSection
EndGlobal
